{
  "version": 4,
  "terraform_version": "1.9.7",
  "serial": 1,
  "lineage": "a468aa8c-ddd5-a96c-90ff-d54a7c23efdc",
  "outputs": {},
  "resources": [
    {
      "mode": "managed",
      "type": "local_file",
      "name": "my_file",
      "provider": "provider[\"registry.terraform.io/hashicorp/local\"]",
      "instances": [
        {
          "schema_version": 0,
          "attributes": {
            "content": "This is test file",
            "content_base64": null,
            "content_base64sha256": "Ygw3XqCacNghhbArwlPZ1eF09hnYvG5kpdI8tiR1BDo=",
            "content_base64sha512": "ZjP0nA5bsOBe9jutZJ9zkPeBV+dvvNm38moefb3LfIgcvwIp5OjSMzXaCjyufT1uvxTRb9ais7ktA+PZDBt6FA==",
            "content_md5": "8a813afddc95f11494a907466bd32e59",
            "content_sha1": "857504db1244e427e1cce312af67ec65be34bf91",
            "content_sha256": "620c375ea09a70d82185b02bc253d9d5e174f619d8bc6e64a5d23cb62475043a",
            "content_sha512": "6633f49c0e5bb0e05ef63bad649f7390f78157e76fbcd9b7f26a1e7dbdcb7c881cbf0229e4e8d23335da0a3cae7d3d6ebf14d16fd6a2b3b92d03e3d90c1b7a14",
            "directory_permission": "0777",
            "file_permission": "0777",
            "filename": "test.txt",
            "id": "857504db1244e427e1cce312af67ec65be34bf91",
            "sensitive_content": null,
            "source": null
          },
          "sensitive_attributes": [
            [
              {
                "type": "get_attr",
                "value": "sensitive_content"
              }
            ]
          ]
        }
      ]
    }
  ],
  "check_results": null
}
